// !$*UTF8*$!
{
	archiveVersion = 1;
	classes = {
	};
	objectVersion = 52;
	objects = {

/* Begin PBXBuildFile section */
		C76111CA25A0F0D2000A4080 /* Realm in Frameworks */ = {isa = PBXBuildFile; productRef = C76111C925A0F0D2000A4080 /* Realm */; };
		C76111CC25A0F0D2000A4080 /* RealmSwift in Frameworks */ = {isa = PBXBuildFile; productRef = C76111CB25A0F0D2000A4080 /* RealmSwift */; };
		C76111D025A0F1DA000A4080 /* RealmPersistentController.swift in Sources */ = {isa = PBXBuildFile; fileRef = C76111CF25A0F1DA000A4080 /* RealmPersistentController.swift */; };
		C76111D425A0F2C3000A4080 /* ShoppingItemDB.swift in Sources */ = {isa = PBXBuildFile; fileRef = C76111D325A0F2C3000A4080 /* ShoppingItemDB.swift */; };
		C76111D725A0F3C0000A4080 /* ShoppingItemDBKeys.swift in Sources */ = {isa = PBXBuildFile; fileRef = C76111D625A0F3C0000A4080 /* ShoppingItemDBKeys.swift */; };
		C76111DA25A0F47D000A4080 /* ShoppingItem.swift in Sources */ = {isa = PBXBuildFile; fileRef = C76111D925A0F47D000A4080 /* ShoppingItem.swift */; };
		C76111DD25A0F555000A4080 /* ShoppingStore.swift in Sources */ = {isa = PBXBuildFile; fileRef = C76111DC25A0F555000A4080 /* ShoppingStore.swift */; };
		C76111E125A13098000A4080 /* ShoppingForm.swift in Sources */ = {isa = PBXBuildFile; fileRef = C76111E025A13098000A4080 /* ShoppingForm.swift */; };
		C76111E525A13189000A4080 /* ShoppingFormView.swift in Sources */ = {isa = PBXBuildFile; fileRef = C76111E425A13189000A4080 /* ShoppingFormView.swift */; };
		C78A5BDD25A0EA0D0086E1FA /* realm_swiftuiApp.swift in Sources */ = {isa = PBXBuildFile; fileRef = C78A5BDC25A0EA0D0086E1FA /* realm_swiftuiApp.swift */; };
		C78A5BDF25A0EA0D0086E1FA /* ContentView.swift in Sources */ = {isa = PBXBuildFile; fileRef = C78A5BDE25A0EA0D0086E1FA /* ContentView.swift */; };
		C78A5BE125A0EA0E0086E1FA /* Assets.xcassets in Resources */ = {isa = PBXBuildFile; fileRef = C78A5BE025A0EA0E0086E1FA /* Assets.xcassets */; };
		C78A5BE425A0EA0E0086E1FA /* Preview Assets.xcassets in Resources */ = {isa = PBXBuildFile; fileRef = C78A5BE325A0EA0E0086E1FA /* Preview Assets.xcassets */; };
/* End PBXBuildFile section */

/* Begin PBXFileReference section */
		C76111CF25A0F1DA000A4080 /* RealmPersistentController.swift */ = {isa = PBXFileReference; lastKnownFileType = sourcecode.swift; path = RealmPersistentController.swift; sourceTree = "<group>"; };
		C76111D325A0F2C3000A4080 /* ShoppingItemDB.swift */ = {isa = PBXFileReference; lastKnownFileType = sourcecode.swift; path = ShoppingItemDB.swift; sourceTree = "<group>"; };
		C76111D625A0F3C0000A4080 /* ShoppingItemDBKeys.swift */ = {isa = PBXFileReference; lastKnownFileType = sourcecode.swift; path = ShoppingItemDBKeys.swift; sourceTree = "<group>"; };
		C76111D925A0F47D000A4080 /* ShoppingItem.swift */ = {isa = PBXFileReference; lastKnownFileType = sourcecode.swift; path = ShoppingItem.swift; sourceTree = "<group>"; };
		C76111DC25A0F555000A4080 /* ShoppingStore.swift */ = {isa = PBXFileReference; lastKnownFileType = sourcecode.swift; path = ShoppingStore.swift; sourceTree = "<group>"; };
		C76111E025A13098000A4080 /* ShoppingForm.swift */ = {isa = PBXFileReference; lastKnownFileType = sourcecode.swift; path = ShoppingForm.swift; sourceTree = "<group>"; };
		C76111E425A13189000A4080 /* ShoppingFormView.swift */ = {isa = PBXFileReference; lastKnownFileType = sourcecode.swift; path = ShoppingFormView.swift; sourceTree = "<group>"; };
		C78A5BD925A0EA0D0086E1FA /* realm-swiftui.app */ = {isa = PBXFileReference; explicitFileType = wrapper.application; includeInIndex = 0; path = "realm-swiftui.app"; sourceTree = BUILT_PRODUCTS_DIR; };
		C78A5BDC25A0EA0D0086E1FA /* realm_swiftuiApp.swift */ = {isa = PBXFileReference; lastKnownFileType = sourcecode.swift; path = realm_swiftuiApp.swift; sourceTree = "<group>"; };
		C78A5BDE25A0EA0D0086E1FA /* ContentView.swift */ = {isa = PBXFileReference; lastKnownFileType = sourcecode.swift; path = ContentView.swift; sourceTree = "<group>"; };
		C78A5BE025A0EA0E0086E1FA /* Assets.xcassets */ = {isa = PBXFileReference; lastKnownFileType = folder.assetcatalog; path = Assets.xcassets; sourceTree = "<group>"; };
		C78A5BE325A0EA0E0086E1FA /* Preview Assets.xcassets */ = {isa = PBXFileReference; lastKnownFileType = folder.assetcatalog; path = "Preview Assets.xcassets"; sourceTree = "<group>"; };
		C78A5BE525A0EA0E0086E1FA /* Info.plist */ = {isa = PBXFileReference; lastKnownFileType = text.plist.xml; path = Info.plist; sourceTree = "<group>"; };
/* End PBXFileReference section */

/* Begin PBXFrameworksBuildPhase section */
		C78A5BD625A0EA0D0086E1FA /* Frameworks */ = {
			isa = PBXFrameworksBuildPhase;
			buildActionMask = 2147483647;
			files = (
				C76111CC25A0F0D2000A4080 /* RealmSwift in Frameworks */,
				C76111CA25A0F0D2000A4080 /* Realm in Frameworks */,
			);
			runOnlyForDeploymentPostprocessing = 0;
		};
/* End PBXFrameworksBuildPhase section */

/* Begin PBXGroup section */
		C76111CE25A0F1AD000A4080 /* RealmDB */ = {
			isa = PBXGroup;
			children = (
				C76111CF25A0F1DA000A4080 /* RealmPersistentController.swift */,
				C76111DC25A0F555000A4080 /* ShoppingStore.swift */,
			);
			path = RealmDB;
			sourceTree = "<group>";
		};
		C76111D225A0F2AF000A4080 /* Models */ = {
			isa = PBXGroup;
			children = (
				C76111D325A0F2C3000A4080 /* ShoppingItemDB.swift */,
				C76111D625A0F3C0000A4080 /* ShoppingItemDBKeys.swift */,
				C76111D925A0F47D000A4080 /* ShoppingItem.swift */,
			);
			path = Models;
			sourceTree = "<group>";
		};
		C76111DF25A13085000A4080 /* ViewModels */ = {
			isa = PBXGroup;
			children = (
				C76111E025A13098000A4080 /* ShoppingForm.swift */,
			);
			path = ViewModels;
			sourceTree = "<group>";
		};
		C76111E325A13173000A4080 /* Views */ = {
			isa = PBXGroup;
			children = (
				C76111E425A13189000A4080 /* ShoppingFormView.swift */,
			);
			path = Views;
			sourceTree = "<group>";
		};
		C78A5BD025A0EA0C0086E1FA = {
			isa = PBXGroup;
			children = (
				C78A5BDB25A0EA0D0086E1FA /* realm-swiftui */,
				C78A5BDA25A0EA0D0086E1FA /* Products */,
			);
			sourceTree = "<group>";
		};
		C78A5BDA25A0EA0D0086E1FA /* Products */ = {
			isa = PBXGroup;
			children = (
				C78A5BD925A0EA0D0086E1FA /* realm-swiftui.app */,
			);
			name = Products;
			sourceTree = "<group>";
		};
		C78A5BDB25A0EA0D0086E1FA /* realm-swiftui */ = {
			isa = PBXGroup;
			children = (
				C76111E325A13173000A4080 /* Views */,
				C76111DF25A13085000A4080 /* ViewModels */,
				C76111D225A0F2AF000A4080 /* Models */,
				C76111CE25A0F1AD000A4080 /* RealmDB */,
				C78A5BDC25A0EA0D0086E1FA /* realm_swiftuiApp.swift */,
				C78A5BDE25A0EA0D0086E1FA /* ContentView.swift */,
				C78A5BE025A0EA0E0086E1FA /* Assets.xcassets */,
				C78A5BE525A0EA0E0086E1FA /* Info.plist */,
				C78A5BE225A0EA0E0086E1FA /* Preview Content */,
			);
			path = "realm-swiftui";
			sourceTree = "<group>";
		};
		C78A5BE225A0EA0E0086E1FA /* Preview Content */ = {
			isa = PBXGroup;
			children = (
				C78A5BE325A0EA0E0086E1FA /* Preview Assets.xcassets */,
			);
			path = "Preview Content";
			sourceTree = "<group>";
		};
/* End PBXGroup section */

/* Begin PBXNativeTarget section */
		C78A5BD825A0EA0D0086E1FA /* realm-swiftui */ = {
			isa = PBXNativeTarget;
			buildConfigurationList = C78A5BE825A0EA0E0086E1FA /* Build configuration list for PBXNativeTarget "realm-swiftui" */;
			buildPhases = (
				C78A5BD525A0EA0D0086E1FA /* Sources */,
				C78A5BD625A0EA0D0086E1FA /* Frameworks */,
				C78A5BD725A0EA0D0086E1FA /* Resources */,
			);
			buildRules = (
			);
			dependencies = (
			);
			name = "realm-swiftui";
			packageProductDependencies = (
				C76111C925A0F0D2000A4080 /* Realm */,
				C76111CB25A0F0D2000A4080 /* RealmSwift */,
			);
			productName = "realm-swiftui";
			productReference = C78A5BD925A0EA0D0086E1FA /* realm-swiftui.app */;
			productType = "com.apple.product-type.application";
		};
/* End PBXNativeTarget section */

/* Begin PBXProject section */
		C78A5BD125A0EA0C0086E1FA /* Project object */ = {
			isa = PBXProject;
			attributes = {
				LastSwiftUpdateCheck = 1230;
				LastUpgradeCheck = 1230;
				TargetAttributes = {
					C78A5BD825A0EA0D0086E1FA = {
						CreatedOnToolsVersion = 12.3;
					};
				};
			};
			buildConfigurationList = C78A5BD425A0EA0C0086E1FA /* Build configuration list for PBXProject "realm-swiftui" */;
			compatibilityVersion = "Xcode 9.3";
			developmentRegion = en;
			hasScannedForEncodings = 0;
			knownRegions = (
				en,
				Base,
			);
			mainGroup = C78A5BD025A0EA0C0086E1FA;
			packageReferences = (
				C76111C825A0F0D2000A4080 /* XCRemoteSwiftPackageReference "realm-cocoa" */,
			);
			productRefGroup = C78A5BDA25A0EA0D0086E1FA /* Products */;
			projectDirPath = "";
			projectRoot = "";
			targets = (
				C78A5BD825A0EA0D0086E1FA /* realm-swiftui */,
			);
		};
/* End PBXProject section */

/* Begin PBXResourcesBuildPhase section */
		C78A5BD725A0EA0D0086E1FA /* Resources */ = {
			isa = PBXResourcesBuildPhase;
			buildActionMask = 2147483647;
			files = (
				C78A5BE425A0EA0E0086E1FA /* Preview Assets.xcassets in Resources */,
				C78A5BE125A0EA0E0086E1FA /* Assets.xcassets in Resources */,
			);
			runOnlyForDeploymentPostprocessing = 0;
		};
/* End PBXResourcesBuildPhase section */

/* Begin PBXSourcesBuildPhase section */
		C78A5BD525A0EA0D0086E1FA /* Sources */ = {
			isa = PBXSourcesBuildPhase;
			buildActionMask = 2147483647;
			files = (
				C76111DA25A0F47D000A4080 /* ShoppingItem.swift in Sources */,
				C76111E125A13098000A4080 /* ShoppingForm.swift in Sources */,
				C76111D425A0F2C3000A4080 /* ShoppingItemDB.swift in Sources */,
				C78A5BDF25A0EA0D0086E1FA /* ContentView.swift in Sources */,
				C76111DD25A0F555000A4080 /* ShoppingStore.swift in Sources */,
				C76111E525A13189000A4080 /* ShoppingFormView.swift in Sources */,
				C78A5BDD25A0EA0D0086E1FA /* realm_swiftuiApp.swift in Sources */,
				C76111D025A0F1DA000A4080 /* RealmPersistentController.swift in Sources */,
				C76111D725A0F3C0000A4080 /* ShoppingItemDBKeys.swift in Sources */,
			);
			runOnlyForDeploymentPostprocessing = 0;
		};
/* End PBXSourcesBuildPhase section */

/* Begin XCBuildConfiguration section */
		C78A5BE625A0EA0E0086E1FA /* Debug */ = {
			isa = XCBuildConfiguration;
			buildSettings = {
				ALWAYS_SEARCH_USER_PATHS = NO;
				CLANG_ANALYZER_NONNULL = YES;
				CLANG_ANALYZER_NUMBER_OBJECT_CONVERSION = YES_AGGRESSIVE;
				CLANG_CXX_LANGUAGE_STANDARD = "gnu++14";
				CLANG_CXX_LIBRARY = "libc++";
				CLANG_ENABLE_MODULES = YES;
				CLANG_ENABLE_OBJC_ARC = YES;
				CLANG_ENABLE_OBJC_WEAK = YES;
				CLANG_WARN_BLOCK_CAPTURE_AUTORELEASING = YES;
				CLANG_WARN_BOOL_CONVERSION = YES;
				CLANG_WARN_COMMA = YES;
				CLANG_WARN_CONSTANT_CONVERSION = YES;
				CLANG_WARN_DEPRECATED_OBJC_IMPLEMENTATIONS = YES;
				CLANG_WARN_DIRECT_OBJC_ISA_USAGE = YES_ERROR;
				CLANG_WARN_DOCUMENTATION_COMMENTS = YES;
				CLANG_WARN_EMPTY_BODY = YES;
				CLANG_WARN_ENUM_CONVERSION = YES;
				CLANG_WARN_INFINITE_RECURSION = YES;
				CLANG_WARN_INT_CONVERSION = YES;
				CLANG_WARN_NON_LITERAL_NULL_CONVERSION = YES;
				CLANG_WARN_OBJC_IMPLICIT_RETAIN_SELF = YES;
				CLANG_WARN_OBJC_LITERAL_CONVERSION = YES;
				CLANG_WARN_OBJC_ROOT_CLASS = YES_ERROR;
				CLANG_WARN_QUOTED_INCLUDE_IN_FRAMEWORK_HEADER = YES;
				CLANG_WARN_RANGE_LOOP_ANALYSIS = YES;
				CLANG_WARN_STRICT_PROTOTYPES = YES;
				CLANG_WARN_SUSPICIOUS_MOVE = YES;
				CLANG_WARN_UNGUARDED_AVAILABILITY = YES_AGGRESSIVE;
				CLANG_WARN_UNREACHABLE_CODE = YES;
				CLANG_WARN__DUPLICATE_METHOD_MATCH = YES;
				COPY_PHASE_STRIP = NO;
				DEBUG_INFORMATION_FORMAT = dwarf;
				ENABLE_STRICT_OBJC_MSGSEND = YES;
				ENABLE_TESTABILITY = YES;
				GCC_C_LANGUAGE_STANDARD = gnu11;
				GCC_DYNAMIC_NO_PIC = NO;
				GCC_NO_COMMON_BLOCKS = YES;
				GCC_OPTIMIZATION_LEVEL = 0;
				GCC_PREPROCESSOR_DEFINITIONS = (
					"DEBUG=1",
					"$(inherited)",
				);
				GCC_WARN_64_TO_32_BIT_CONVERSION = YES;
				GCC_WARN_ABOUT_RETURN_TYPE = YES_ERROR;
				GCC_WARN_UNDECLARED_SELECTOR = YES;
				GCC_WARN_UNINITIALIZED_AUTOS = YES_AGGRESSIVE;
				GCC_WARN_UNUSED_FUNCTION = YES;
				GCC_WARN_UNUSED_VARIABLE = YES;
				IPHONEOS_DEPLOYMENT_TARGET = 14.3;
				MTL_ENABLE_DEBUG_INFO = INCLUDE_SOURCE;
				MTL_FAST_MATH = YES;
				ONLY_ACTIVE_ARCH = YES;
				SDKROOT = iphoneos;
				SWIFT_ACTIVE_COMPILATION_CONDITIONS = DEBUG;
				SWIFT_OPTIMIZATION_LEVEL = "-Onone";
			};
			name = Debug;
		};
		C78A5BE725A0EA0E0086E1FA /* Release */ = {
			isa = XCBuildConfiguration;
			buildSettings = {
				ALWAYS_SEARCH_USER_PATHS = NO;
				CLANG_ANALYZER_NONNULL = YES;
				CLANG_ANALYZER_NUMBER_OBJECT_CONVERSION = YES_AGGRESSIVE;
				CLANG_CXX_LANGUAGE_STANDARD = "gnu++14";
				CLANG_CXX_LIBRARY = "libc++";
				CLANG_ENABLE_MODULES = YES;
				CLANG_ENABLE_OBJC_ARC = YES;
				CLANG_ENABLE_OBJC_WEAK = YES;
				CLANG_WARN_BLOCK_CAPTURE_AUTORELEASING = YES;
				CLANG_WARN_BOOL_CONVERSION = YES;
				CLANG_WARN_COMMA = YES;
				CLANG_WARN_CONSTANT_CONVERSION = YES;
				CLANG_WARN_DEPRECATED_OBJC_IMPLEMENTATIONS = YES;
				CLANG_WARN_DIRECT_OBJC_ISA_USAGE = YES_ERROR;
				CLANG_WARN_DOCUMENTATION_COMMENTS = YES;
				CLANG_WARN_EMPTY_BODY = YES;
				CLANG_WARN_ENUM_CONVERSION = YES;
				CLANG_WARN_INFINITE_RECURSION = YES;
				CLANG_WARN_INT_CONVERSION = YES;
				CLANG_WARN_NON_LITERAL_NULL_CONVERSION = YES;
				CLANG_WARN_OBJC_IMPLICIT_RETAIN_SELF = YES;
				CLANG_WARN_OBJC_LITERAL_CONVERSION = YES;
				CLANG_WARN_OBJC_ROOT_CLASS = YES_ERROR;
				CLANG_WARN_QUOTED_INCLUDE_IN_FRAMEWORK_HEADER = YES;
				CLANG_WARN_RANGE_LOOP_ANALYSIS = YES;
				CLANG_WARN_STRICT_PROTOTYPES = YES;
				CLANG_WARN_SUSPICIOUS_MOVE = YES;
				CLANG_WARN_UNGUARDED_AVAILABILITY = YES_AGGRESSIVE;
				CLANG_WARN_UNREACHABLE_CODE = YES;
				CLANG_WARN__DUPLICATE_METHOD_MATCH = YES;
				COPY_PHASE_STRIP = NO;
				DEBUG_INFORMATION_FORMAT = "dwarf-with-dsym";
				ENABLE_NS_ASSERTIONS = NO;
				ENABLE_STRICT_OBJC_MSGSEND = YES;
				GCC_C_LANGUAGE_STANDARD = gnu11;
				GCC_NO_COMMON_BLOCKS = YES;
				GCC_WARN_64_TO_32_BIT_CONVERSION = YES;
				GCC_WARN_ABOUT_RETURN_TYPE = YES_ERROR;
				GCC_WARN_UNDECLARED_SELECTOR = YES;
				GCC_WARN_UNINITIALIZED_AUTOS = YES_AGGRESSIVE;
				GCC_WARN_UNUSED_FUNCTION = YES;
				GCC_WARN_UNUSED_VARIABLE = YES;
				IPHONEOS_DEPLOYMENT_TARGET = 14.3;
				MTL_ENABLE_DEBUG_INFO = NO;
				MTL_FAST_MATH = YES;
				SDKROOT = iphoneos;
				SWIFT_COMPILATION_MODE = wholemodule;
				SWIFT_OPTIMIZATION_LEVEL = "-O";
				VALIDATE_PRODUCT = YES;
			};
			name = Release;
		};
		C78A5BE925A0EA0E0086E1FA /* Debug */ = {
			isa = XCBuildConfiguration;
			buildSettings = {
				ASSETCATALOG_COMPILER_APPICON_NAME = AppIcon;
				ASSETCATALOG_COMPILER_GLOBAL_ACCENT_COLOR_NAME = AccentColor;
				CODE_SIGN_STYLE = Automatic;
				DEVELOPMENT_ASSET_PATHS = "\"realm-swiftui/Preview Content\"";
				DEVELOPMENT_TEAM = LT2J4Q2FPW;
				ENABLE_PREVIEWS = YES;
				INFOPLIST_FILE = "realm-swiftui/Info.plist";
				IPHONEOS_DEPLOYMENT_TARGET = 14.0;
				LD_RUNPATH_SEARCH_PATHS = (
					"$(inherited)",
					"@executable_path/Frameworks",
				);
				PRODUCT_BUNDLE_IDENTIFIER = "us.eduserve.realm-swiftui";
				PRODUCT_NAME = "$(TARGET_NAME)";
				SWIFT_VERSION = 5.0;
				TARGETED_DEVICE_FAMILY = "1,2";
			};
			name = Debug;
		};
		C78A5BEA25A0EA0E0086E1FA /* Release */ = {
			isa = XCBuildConfiguration;
			buildSettings = {
				ASSETCATALOG_COMPILER_APPICON_NAME = AppIcon;
				ASSETCATALOG_COMPILER_GLOBAL_ACCENT_COLOR_NAME = AccentColor;
				CODE_SIGN_STYLE = Automatic;
				DEVELOPMENT_ASSET_PATHS = "\"realm-swiftui/Preview Content\"";
				DEVELOPMENT_TEAM = LT2J4Q2FPW;
				ENABLE_PREVIEWS = YES;
				INFOPLIST_FILE = "realm-swiftui/Info.plist";
				IPHONEOS_DEPLOYMENT_TARGET = 14.0;
				LD_RUNPATH_SEARCH_PATHS = (
					"$(inherited)",
					"@executable_path/Frameworks",
				);
				PRODUCT_BUNDLE_IDENTIFIER = "us.eduserve.realm-swiftui";
				PRODUCT_NAME = "$(TARGET_NAME)";
				SWIFT_VERSION = 5.0;
				TARGETED_DEVICE_FAMILY = "1,2";
			};
			name = Release;
		};
/* End XCBuildConfiguration section */

/* Begin XCConfigurationList section */
		C78A5BD425A0EA0C0086E1FA /* Build configuration list for PBXProject "realm-swiftui" */ = {
			isa = XCConfigurationList;
			buildConfigurations = (
				C78A5BE625A0EA0E0086E1FA /* Debug */,
				C78A5BE725A0EA0E0086E1FA /* Release */,
			);
			defaultConfigurationIsVisible = 0;
			defaultConfigurationName = Release;
		};
		C78A5BE825A0EA0E0086E1FA /* Build configuration list for PBXNativeTarget "realm-swiftui" */ = {
			isa = XCConfigurationList;
			buildConfigurations = (
				C78A5BE925A0EA0E0086E1FA /* Debug */,
				C78A5BEA25A0EA0E0086E1FA /* Release */,
			);
			defaultConfigurationIsVisible = 0;
			defaultConfigurationName = Release;
		};
/* End XCConfigurationList section */

/* Begin XCRemoteSwiftPackageReference section */
		C76111C825A0F0D2000A4080 /* XCRemoteSwiftPackageReference "realm-cocoa" */ = {
			isa = XCRemoteSwiftPackageReference;
			repositoryURL = "https://github.com/realm/realm-cocoa.git";
			requirement = {
				kind = upToNextMajorVersion;
				minimumVersion = 10.5.0;
			};
		};
/* End XCRemoteSwiftPackageReference section */

/* Begin XCSwiftPackageProductDependency section */
		C76111C925A0F0D2000A4080 /* Realm */ = {
			isa = XCSwiftPackageProductDependency;
			package = C76111C825A0F0D2000A4080 /* XCRemoteSwiftPackageReference "realm-cocoa" */;
			productName = Realm;
		};
		C76111CB25A0F0D2000A4080 /* RealmSwift */ = {
			isa = XCSwiftPackageProductDependency;
			package = C76111C825A0F0D2000A4080 /* XCRemoteSwiftPackageReference "realm-cocoa" */;
			productName = RealmSwift;
		};
/* End XCSwiftPackageProductDependency section */
	};
	rootObject = C78A5BD125A0EA0C0086E1FA /* Project object */;
}
